
Microsoft Visual Studio Solution File, Format Version 12.00
# Visual Studio Version 16
VisualStudioVersion = 16.0.31005.135
MinimumVisualStudioVersion = 10.0.40219.1
Project("{FAE04EC0-301F-11D3-BF4B-00C04F79EFBC}") = "Ex_List2", "Ex_List2\Ex_List2.csproj", "{6C697E59-9B89-4863-ABB2-1947447C8BE4}"
EndProject
Global
	GlobalSection(SolutionConfigurationPlatforms) = preSolution
		Debug|Any CPU = Debug|Any CPU
		Release|Any CPU = Release|Any CPU
	EndGlobalSection
	GlobalSection(ProjectConfigurationPlatforms) = postSolution
		{6C697E59-9B89-4863-ABB2-1947447C8BE4}.Debug|Any CPU.ActiveCfg = Debug|Any CPU
		{6C697E59-9B89-4863-ABB2-1947447C8BE4}.Debug|Any CPU.Build.0 = Debug|Any CPU
		{6C697E59-9B89-4863-ABB2-1947447C8BE4}.Release|Any CPU.ActiveCfg = Release|Any CPU
		{6C697E59-9B89-4863-ABB2-1947447C8BE4}.Release|Any CPU.Build.0 = Release|Any CPU
	EndGlobalSection
	GlobalSection(SolutionProperties) = preSolution
		HideSolutionNode = FALSE
	EndGlobalSection
	GlobalSection(ExtensibilityGlobals) = postSolution
		SolutionGuid = {233A0732-0DF3-4AE3-BC1E-C110D5051768}
	EndGlobalSection
EndGlobal
